
Microsoft Visual Studio Solution File, Format Version 12.00
# Visual Studio 14
VisualStudioVersion = 14.0.25420.1
MinimumVisualStudioVersion = 10.0.40219.1
Project("{2150E333-8FDC-42A3-9474-1A3956D46DE8}") = "src", "src", "{1AB8286C-9920-4F90-A937-BDEFEAB04800}"
EndProject
Project("{2150E333-8FDC-42A3-9474-1A3956D46DE8}") = "Solution Items", "Solution Items", "{94B7F96F-5A0E-4AA0-9AE5-E30231C8291C}"
	ProjectSection(SolutionItems) = preProject
		global.json = global.json
	EndProjectSection
EndProject
Project("{8BB2217D-0F2D-49D1-97BC-3654ED321F3B}") = "RepeatIt.Web", "src\RepeatIt.Web\RepeatIt.Web.xproj", "{6E47CB7B-4A2A-4755-B4E2-29F9C2271ADB}"
EndProject
Project("{8BB2217D-0F2D-49D1-97BC-3654ED321F3B}") = "RepeatIt.Data.Common", "src\RepeatIt.Data.Common\RepeatIt.Data.Common.xproj", "{CCC65AFD-E472-400C-A7CE-DCE90C053DBD}"
EndProject
Project("{8BB2217D-0F2D-49D1-97BC-3654ED321F3B}") = "RepeatIt.Data.Ef", "src\RepeatIt.Data.Ef\RepeatIt.Data.Ef.xproj", "{6FC9DC82-B305-4450-9AF5-5A0B58EF9457}"
EndProject
Project("{2150E333-8FDC-42A3-9474-1A3956D46DE8}") = "RepeatIt.Data", "RepeatIt.Data", "{070AF3E3-ACF9-41C1-B962-CC40590BFB2A}"
EndProject
Project("{8BB2217D-0F2D-49D1-97BC-3654ED321F3B}") = "RepeatIt.Domain", "src\RepeatIt.Domain\RepeatIt.Domain.xproj", "{3C77BC51-D0D7-4644-B82C-59B586F8C320}"
EndProject
Global
	GlobalSection(SolutionConfigurationPlatforms) = preSolution
		Debug|Any CPU = Debug|Any CPU
		Release|Any CPU = Release|Any CPU
	EndGlobalSection
	GlobalSection(ProjectConfigurationPlatforms) = postSolution
		{6E47CB7B-4A2A-4755-B4E2-29F9C2271ADB}.Debug|Any CPU.ActiveCfg = Debug|Any CPU
		{6E47CB7B-4A2A-4755-B4E2-29F9C2271ADB}.Debug|Any CPU.Build.0 = Debug|Any CPU
		{6E47CB7B-4A2A-4755-B4E2-29F9C2271ADB}.Release|Any CPU.ActiveCfg = Release|Any CPU
		{6E47CB7B-4A2A-4755-B4E2-29F9C2271ADB}.Release|Any CPU.Build.0 = Release|Any CPU
		{CCC65AFD-E472-400C-A7CE-DCE90C053DBD}.Debug|Any CPU.ActiveCfg = Debug|Any CPU
		{CCC65AFD-E472-400C-A7CE-DCE90C053DBD}.Debug|Any CPU.Build.0 = Debug|Any CPU
		{CCC65AFD-E472-400C-A7CE-DCE90C053DBD}.Release|Any CPU.ActiveCfg = Release|Any CPU
		{CCC65AFD-E472-400C-A7CE-DCE90C053DBD}.Release|Any CPU.Build.0 = Release|Any CPU
		{6FC9DC82-B305-4450-9AF5-5A0B58EF9457}.Debug|Any CPU.ActiveCfg = Debug|Any CPU
		{6FC9DC82-B305-4450-9AF5-5A0B58EF9457}.Debug|Any CPU.Build.0 = Debug|Any CPU
		{6FC9DC82-B305-4450-9AF5-5A0B58EF9457}.Release|Any CPU.ActiveCfg = Release|Any CPU
		{6FC9DC82-B305-4450-9AF5-5A0B58EF9457}.Release|Any CPU.Build.0 = Release|Any CPU
		{3C77BC51-D0D7-4644-B82C-59B586F8C320}.Debug|Any CPU.ActiveCfg = Debug|Any CPU
		{3C77BC51-D0D7-4644-B82C-59B586F8C320}.Debug|Any CPU.Build.0 = Debug|Any CPU
		{3C77BC51-D0D7-4644-B82C-59B586F8C320}.Release|Any CPU.ActiveCfg = Release|Any CPU
		{3C77BC51-D0D7-4644-B82C-59B586F8C320}.Release|Any CPU.Build.0 = Release|Any CPU
	EndGlobalSection
	GlobalSection(SolutionProperties) = preSolution
		HideSolutionNode = FALSE
	EndGlobalSection
	GlobalSection(NestedProjects) = preSolution
		{6E47CB7B-4A2A-4755-B4E2-29F9C2271ADB} = {1AB8286C-9920-4F90-A937-BDEFEAB04800}
		{CCC65AFD-E472-400C-A7CE-DCE90C053DBD} = {070AF3E3-ACF9-41C1-B962-CC40590BFB2A}
		{6FC9DC82-B305-4450-9AF5-5A0B58EF9457} = {070AF3E3-ACF9-41C1-B962-CC40590BFB2A}
		{070AF3E3-ACF9-41C1-B962-CC40590BFB2A} = {1AB8286C-9920-4F90-A937-BDEFEAB04800}
		{3C77BC51-D0D7-4644-B82C-59B586F8C320} = {1AB8286C-9920-4F90-A937-BDEFEAB04800}
	EndGlobalSection
EndGlobal
